// !$*UTF8*$!
{
	archiveVersion = 1;
	classes = {
	};
	objectVersion = 55;
	objects = {

/* Begin PBXBuildFile section */
		4A64F23528FBD4A7005A6C14 /* CreatorViewController.swift in Sources */ = {isa = PBXBuildFile; fileRef = 4A64F23428FBD4A7005A6C14 /* CreatorViewController.swift */; };
		4AA1980C28F3B55E008EB83D /* AppDelegate.swift in Sources */ = {isa = PBXBuildFile; fileRef = 4AA1980B28F3B55E008EB83D /* AppDelegate.swift */; };
		4AA1980E28F3B55E008EB83D /* SceneDelegate.swift in Sources */ = {isa = PBXBuildFile; fileRef = 4AA1980D28F3B55E008EB83D /* SceneDelegate.swift */; };
		4AA1981028F3B55E008EB83D /* ViewController.swift in Sources */ = {isa = PBXBuildFile; fileRef = 4AA1980F28F3B55E008EB83D /* ViewController.swift */; };
		4AA1981328F3B55E008EB83D /* Main.storyboard in Resources */ = {isa = PBXBuildFile; fileRef = 4AA1981128F3B55E008EB83D /* Main.storyboard */; };
		4AA1981528F3B55F008EB83D /* Assets.xcassets in Resources */ = {isa = PBXBuildFile; fileRef = 4AA1981428F3B55F008EB83D /* Assets.xcassets */; };
		4AA1981828F3B55F008EB83D /* LaunchScreen.storyboard in Resources */ = {isa = PBXBuildFile; fileRef = 4AA1981628F3B55F008EB83D /* LaunchScreen.storyboard */; };
		4AA1982328F3B560008EB83D /* BurgerAppRozumnyTests.swift in Sources */ = {isa = PBXBuildFile; fileRef = 4AA1982228F3B560008EB83D /* BurgerAppRozumnyTests.swift */; };
		4AA1982D28F3B560008EB83D /* BurgerAppRozumnyUITests.swift in Sources */ = {isa = PBXBuildFile; fileRef = 4AA1982C28F3B560008EB83D /* BurgerAppRozumnyUITests.swift */; };
		4AA1982F28F3B560008EB83D /* BurgerAppRozumnyUITestsLaunchTests.swift in Sources */ = {isa = PBXBuildFile; fileRef = 4AA1982E28F3B560008EB83D /* BurgerAppRozumnyUITestsLaunchTests.swift */; };
		4AA1983C28F3B585008EB83D /* Burger.swift in Sources */ = {isa = PBXBuildFile; fileRef = 4AA1983B28F3B585008EB83D /* Burger.swift */; };
		4AA1983E28F3BA5F008EB83D /* CartViewController.swift in Sources */ = {isa = PBXBuildFile; fileRef = 4AA1983D28F3BA5F008EB83D /* CartViewController.swift */; };
/* End PBXBuildFile section */

/* Begin PBXContainerItemProxy section */
		4AA1981F28F3B560008EB83D /* PBXContainerItemProxy */ = {
			isa = PBXContainerItemProxy;
			containerPortal = 4AA1980028F3B55E008EB83D /* Project object */;
			proxyType = 1;
			remoteGlobalIDString = 4AA1980728F3B55E008EB83D;
			remoteInfo = BurgerAppRozumny;
		};
		4AA1982928F3B560008EB83D /* PBXContainerItemProxy */ = {
			isa = PBXContainerItemProxy;
			containerPortal = 4AA1980028F3B55E008EB83D /* Project object */;
			proxyType = 1;
			remoteGlobalIDString = 4AA1980728F3B55E008EB83D;
			remoteInfo = BurgerAppRozumny;
		};
/* End PBXContainerItemProxy section */

/* Begin PBXFileReference section */
		4A64F23428FBD4A7005A6C14 /* CreatorViewController.swift */ = {isa = PBXFileReference; lastKnownFileType = sourcecode.swift; path = CreatorViewController.swift; sourceTree = "<group>"; };
		4AA1980828F3B55E008EB83D /* BurgerAppRozumny.app */ = {isa = PBXFileReference; explicitFileType = wrapper.application; includeInIndex = 0; path = BurgerAppRozumny.app; sourceTree = BUILT_PRODUCTS_DIR; };
		4AA1980B28F3B55E008EB83D /* AppDelegate.swift */ = {isa = PBXFileReference; lastKnownFileType = sourcecode.swift; path = AppDelegate.swift; sourceTree = "<group>"; };
		4AA1980D28F3B55E008EB83D /* SceneDelegate.swift */ = {isa = PBXFileReference; lastKnownFileType = sourcecode.swift; path = SceneDelegate.swift; sourceTree = "<group>"; };
		4AA1980F28F3B55E008EB83D /* ViewController.swift */ = {isa = PBXFileReference; lastKnownFileType = sourcecode.swift; path = ViewController.swift; sourceTree = "<group>"; };
		4AA1981228F3B55E008EB83D /* Base */ = {isa = PBXFileReference; lastKnownFileType = file.storyboard; name = Base; path = Base.lproj/Main.storyboard; sourceTree = "<group>"; };
		4AA1981428F3B55F008EB83D /* Assets.xcassets */ = {isa = PBXFileReference; lastKnownFileType = folder.assetcatalog; path = Assets.xcassets; sourceTree = "<group>"; };
		4AA1981728F3B55F008EB83D /* Base */ = {isa = PBXFileReference; lastKnownFileType = file.storyboard; name = Base; path = Base.lproj/LaunchScreen.storyboard; sourceTree = "<group>"; };
		4AA1981928F3B55F008EB83D /* Info.plist */ = {isa = PBXFileReference; lastKnownFileType = text.plist.xml; path = Info.plist; sourceTree = "<group>"; };
		4AA1981E28F3B560008EB83D /* BurgerAppRozumnyTests.xctest */ = {isa = PBXFileReference; explicitFileType = wrapper.cfbundle; includeInIndex = 0; path = BurgerAppRozumnyTests.xctest; sourceTree = BUILT_PRODUCTS_DIR; };
		4AA1982228F3B560008EB83D /* BurgerAppRozumnyTests.swift */ = {isa = PBXFileReference; lastKnownFileType = sourcecode.swift; path = BurgerAppRozumnyTests.swift; sourceTree = "<group>"; };
		4AA1982828F3B560008EB83D /* BurgerAppRozumnyUITests.xctest */ = {isa = PBXFileReference; explicitFileType = wrapper.cfbundle; includeInIndex = 0; path = BurgerAppRozumnyUITests.xctest; sourceTree = BUILT_PRODUCTS_DIR; };
		4AA1982C28F3B560008EB83D /* BurgerAppRozumnyUITests.swift */ = {isa = PBXFileReference; lastKnownFileType = sourcecode.swift; path = BurgerAppRozumnyUITests.swift; sourceTree = "<group>"; };
		4AA1982E28F3B560008EB83D /* BurgerAppRozumnyUITestsLaunchTests.swift */ = {isa = PBXFileReference; lastKnownFileType = sourcecode.swift; path = BurgerAppRozumnyUITestsLaunchTests.swift; sourceTree = "<group>"; };
		4AA1983B28F3B585008EB83D /* Burger.swift */ = {isa = PBXFileReference; lastKnownFileType = sourcecode.swift; path = Burger.swift; sourceTree = "<group>"; };
		4AA1983D28F3BA5F008EB83D /* CartViewController.swift */ = {isa = PBXFileReference; lastKnownFileType = sourcecode.swift; path = CartViewController.swift; sourceTree = "<group>"; };
/* End PBXFileReference section */

/* Begin PBXFrameworksBuildPhase section */
		4AA1980528F3B55E008EB83D /* Frameworks */ = {
			isa = PBXFrameworksBuildPhase;
			buildActionMask = 2147483647;
			files = (
			);
			runOnlyForDeploymentPostprocessing = 0;
		};
		4AA1981B28F3B560008EB83D /* Frameworks */ = {
			isa = PBXFrameworksBuildPhase;
			buildActionMask = 2147483647;
			files = (
			);
			runOnlyForDeploymentPostprocessing = 0;
		};
		4AA1982528F3B560008EB83D /* Frameworks */ = {
			isa = PBXFrameworksBuildPhase;
			buildActionMask = 2147483647;
			files = (
			);
			runOnlyForDeploymentPostprocessing = 0;
		};
/* End PBXFrameworksBuildPhase section */

/* Begin PBXGroup section */
		4AA197FF28F3B55E008EB83D = {
			isa = PBXGroup;
			children = (
				4AA1980A28F3B55E008EB83D /* BurgerAppRozumny */,
				4AA1982128F3B560008EB83D /* BurgerAppRozumnyTests */,
				4AA1982B28F3B560008EB83D /* BurgerAppRozumnyUITests */,
				4AA1980928F3B55E008EB83D /* Products */,
			);
			sourceTree = "<group>";
		};
		4AA1980928F3B55E008EB83D /* Products */ = {
			isa = PBXGroup;
			children = (
				4AA1980828F3B55E008EB83D /* BurgerAppRozumny.app */,
				4AA1981E28F3B560008EB83D /* BurgerAppRozumnyTests.xctest */,
				4AA1982828F3B560008EB83D /* BurgerAppRozumnyUITests.xctest */,
			);
			name = Products;
			sourceTree = "<group>";
		};
		4AA1980A28F3B55E008EB83D /* BurgerAppRozumny */ = {
			isa = PBXGroup;
			children = (
				4AA1980B28F3B55E008EB83D /* AppDelegate.swift */,
				4AA1980D28F3B55E008EB83D /* SceneDelegate.swift */,
				4AA1980F28F3B55E008EB83D /* ViewController.swift */,
				4AA1981128F3B55E008EB83D /* Main.storyboard */,
				4A64F23428FBD4A7005A6C14 /* CreatorViewController.swift */,
				4AA1983D28F3BA5F008EB83D /* CartViewController.swift */,
				4AA1983B28F3B585008EB83D /* Burger.swift */,
				4AA1981428F3B55F008EB83D /* Assets.xcassets */,
				4AA1981628F3B55F008EB83D /* LaunchScreen.storyboard */,
				4AA1981928F3B55F008EB83D /* Info.plist */,
			);
			path = BurgerAppRozumny;
			sourceTree = "<group>";
		};
		4AA1982128F3B560008EB83D /* BurgerAppRozumnyTests */ = {
			isa = PBXGroup;
			children = (
				4AA1982228F3B560008EB83D /* BurgerAppRozumnyTests.swift */,
			);
			path = BurgerAppRozumnyTests;
			sourceTree = "<group>";
		};
		4AA1982B28F3B560008EB83D /* BurgerAppRozumnyUITests */ = {
			isa = PBXGroup;
			children = (
				4AA1982C28F3B560008EB83D /* BurgerAppRozumnyUITests.swift */,
				4AA1982E28F3B560008EB83D /* BurgerAppRozumnyUITestsLaunchTests.swift */,
			);
			path = BurgerAppRozumnyUITests;
			sourceTree = "<group>";
		};
/* End PBXGroup section */

/* Begin PBXNativeTarget section */
		4AA1980728F3B55E008EB83D /* BurgerAppRozumny */ = {
			isa = PBXNativeTarget;
			buildConfigurationList = 4AA1983228F3B560008EB83D /* Build configuration list for PBXNativeTarget "BurgerAppRozumny" */;
			buildPhases = (
				4AA1980428F3B55E008EB83D /* Sources */,
				4AA1980528F3B55E008EB83D /* Frameworks */,
				4AA1980628F3B55E008EB83D /* Resources */,
			);
			buildRules = (
			);
			dependencies = (
			);
			name = BurgerAppRozumny;
			productName = BurgerAppRozumny;
			productReference = 4AA1980828F3B55E008EB83D /* BurgerAppRozumny.app */;
			productType = "com.apple.product-type.application";
		};
		4AA1981D28F3B560008EB83D /* BurgerAppRozumnyTests */ = {
			isa = PBXNativeTarget;
			buildConfigurationList = 4AA1983528F3B560008EB83D /* Build configuration list for PBXNativeTarget "BurgerAppRozumnyTests" */;
			buildPhases = (
				4AA1981A28F3B560008EB83D /* Sources */,
				4AA1981B28F3B560008EB83D /* Frameworks */,
				4AA1981C28F3B560008EB83D /* Resources */,
			);
			buildRules = (
			);
			dependencies = (
				4AA1982028F3B560008EB83D /* PBXTargetDependency */,
			);
			name = BurgerAppRozumnyTests;
			productName = BurgerAppRozumnyTests;
			productReference = 4AA1981E28F3B560008EB83D /* BurgerAppRozumnyTests.xctest */;
			productType = "com.apple.product-type.bundle.unit-test";
		};
		4AA1982728F3B560008EB83D /* BurgerAppRozumnyUITests */ = {
			isa = PBXNativeTarget;
			buildConfigurationList = 4AA1983828F3B560008EB83D /* Build configuration list for PBXNativeTarget "BurgerAppRozumnyUITests" */;
			buildPhases = (
				4AA1982428F3B560008EB83D /* Sources */,
				4AA1982528F3B560008EB83D /* Frameworks */,
				4AA1982628F3B560008EB83D /* Resources */,
			);
			buildRules = (
			);
			dependencies = (
				4AA1982A28F3B560008EB83D /* PBXTargetDependency */,
			);
			name = BurgerAppRozumnyUITests;
			productName = BurgerAppRozumnyUITests;
			productReference = 4AA1982828F3B560008EB83D /* BurgerAppRozumnyUITests.xctest */;
			productType = "com.apple.product-type.bundle.ui-testing";
		};
/* End PBXNativeTarget section */

/* Begin PBXProject section */
		4AA1980028F3B55E008EB83D /* Project object */ = {
			isa = PBXProject;
			attributes = {
				BuildIndependentTargetsInParallel = 1;
				LastSwiftUpdateCheck = 1340;
				LastUpgradeCheck = 1340;
				TargetAttributes = {
					4AA1980728F3B55E008EB83D = {
						CreatedOnToolsVersion = 13.4.1;
					};
					4AA1981D28F3B560008EB83D = {
						CreatedOnToolsVersion = 13.4.1;
						TestTargetID = 4AA1980728F3B55E008EB83D;
					};
					4AA1982728F3B560008EB83D = {
						CreatedOnToolsVersion = 13.4.1;
						TestTargetID = 4AA1980728F3B55E008EB83D;
					};
				};
			};
			buildConfigurationList = 4AA1980328F3B55E008EB83D /* Build configuration list for PBXProject "BurgerAppRozumny" */;
			compatibilityVersion = "Xcode 13.0";
			developmentRegion = en;
			hasScannedForEncodings = 0;
			knownRegions = (
				en,
				Base,
			);
			mainGroup = 4AA197FF28F3B55E008EB83D;
			productRefGroup = 4AA1980928F3B55E008EB83D /* Products */;
			projectDirPath = "";
			projectRoot = "";
			targets = (
				4AA1980728F3B55E008EB83D /* BurgerAppRozumny */,
				4AA1981D28F3B560008EB83D /* BurgerAppRozumnyTests */,
				4AA1982728F3B560008EB83D /* BurgerAppRozumnyUITests */,
			);
		};
/* End PBXProject section */

/* Begin PBXResourcesBuildPhase section */
		4AA1980628F3B55E008EB83D /* Resources */ = {
			isa = PBXResourcesBuildPhase;
			buildActionMask = 2147483647;
			files = (
				4AA1981828F3B55F008EB83D /* LaunchScreen.storyboard in Resources */,
				4AA1981528F3B55F008EB83D /* Assets.xcassets in Resources */,
				4AA1981328F3B55E008EB83D /* Main.storyboard in Resources */,
			);
			runOnlyForDeploymentPostprocessing = 0;
		};
		4AA1981C28F3B560008EB83D /* Resources */ = {
			isa = PBXResourcesBuildPhase;
			buildActionMask = 2147483647;
			files = (
			);
			runOnlyForDeploymentPostprocessing = 0;
		};
		4AA1982628F3B560008EB83D /* Resources */ = {
			isa = PBXResourcesBuildPhase;
			buildActionMask = 2147483647;
			files = (
			);
			runOnlyForDeploymentPostprocessing = 0;
		};
/* End PBXResourcesBuildPhase section */

/* Begin PBXSourcesBuildPhase section */
		4AA1980428F3B55E008EB83D /* Sources */ = {
			isa = PBXSourcesBuildPhase;
			buildActionMask = 2147483647;
			files = (
				4AA1981028F3B55E008EB83D /* ViewController.swift in Sources */,
				4A64F23528FBD4A7005A6C14 /* CreatorViewController.swift in Sources */,
				4AA1980C28F3B55E008EB83D /* AppDelegate.swift in Sources */,
				4AA1983E28F3BA5F008EB83D /* CartViewController.swift in Sources */,
				4AA1983C28F3B585008EB83D /* Burger.swift in Sources */,
				4AA1980E28F3B55E008EB83D /* SceneDelegate.swift in Sources */,
			);
			runOnlyForDeploymentPostprocessing = 0;
		};
		4AA1981A28F3B560008EB83D /* Sources */ = {
			isa = PBXSourcesBuildPhase;
			buildActionMask = 2147483647;
			files = (
				4AA1982328F3B560008EB83D /* BurgerAppRozumnyTests.swift in Sources */,
			);
			runOnlyForDeploymentPostprocessing = 0;
		};
		4AA1982428F3B560008EB83D /* Sources */ = {
			isa = PBXSourcesBuildPhase;
			buildActionMask = 2147483647;
			files = (
				4AA1982F28F3B560008EB83D /* BurgerAppRozumnyUITestsLaunchTests.swift in Sources */,
				4AA1982D28F3B560008EB83D /* BurgerAppRozumnyUITests.swift in Sources */,
			);
			runOnlyForDeploymentPostprocessing = 0;
		};
/* End PBXSourcesBuildPhase section */

/* Begin PBXTargetDependency section */
		4AA1982028F3B560008EB83D /* PBXTargetDependency */ = {
			isa = PBXTargetDependency;
			target = 4AA1980728F3B55E008EB83D /* BurgerAppRozumny */;
			targetProxy = 4AA1981F28F3B560008EB83D /* PBXContainerItemProxy */;
		};
		4AA1982A28F3B560008EB83D /* PBXTargetDependency */ = {
			isa = PBXTargetDependency;
			target = 4AA1980728F3B55E008EB83D /* BurgerAppRozumny */;
			targetProxy = 4AA1982928F3B560008EB83D /* PBXContainerItemProxy */;
		};
/* End PBXTargetDependency section */

/* Begin PBXVariantGroup section */
		4AA1981128F3B55E008EB83D /* Main.storyboard */ = {
			isa = PBXVariantGroup;
			children = (
				4AA1981228F3B55E008EB83D /* Base */,
			);
			name = Main.storyboard;
			sourceTree = "<group>";
		};
		4AA1981628F3B55F008EB83D /* LaunchScreen.storyboard */ = {
			isa = PBXVariantGroup;
			children = (
				4AA1981728F3B55F008EB83D /* Base */,
			);
			name = LaunchScreen.storyboard;
			sourceTree = "<group>";
		};
/* End PBXVariantGroup section */

/* Begin XCBuildConfiguration section */
		4AA1983028F3B560008EB83D /* Debug */ = {
			isa = XCBuildConfiguration;
			buildSettings = {
				ALWAYS_SEARCH_USER_PATHS = NO;
				CLANG_ANALYZER_NONNULL = YES;
				CLANG_ANALYZER_NUMBER_OBJECT_CONVERSION = YES_AGGRESSIVE;
				CLANG_CXX_LANGUAGE_STANDARD = "gnu++17";
				CLANG_ENABLE_MODULES = YES;
				CLANG_ENABLE_OBJC_ARC = YES;
				CLANG_ENABLE_OBJC_WEAK = YES;
				CLANG_WARN_BLOCK_CAPTURE_AUTORELEASING = YES;
				CLANG_WARN_BOOL_CONVERSION = YES;
				CLANG_WARN_COMMA = YES;
				CLANG_WARN_CONSTANT_CONVERSION = YES;
				CLANG_WARN_DEPRECATED_OBJC_IMPLEMENTATIONS = YES;
				CLANG_WARN_DIRECT_OBJC_ISA_USAGE = YES_ERROR;
				CLANG_WARN_DOCUMENTATION_COMMENTS = YES;
				CLANG_WARN_EMPTY_BODY = YES;
				CLANG_WARN_ENUM_CONVERSION = YES;
				CLANG_WARN_INFINITE_RECURSION = YES;
				CLANG_WARN_INT_CONVERSION = YES;
				CLANG_WARN_NON_LITERAL_NULL_CONVERSION = YES;
				CLANG_WARN_OBJC_IMPLICIT_RETAIN_SELF = YES;
				CLANG_WARN_OBJC_LITERAL_CONVERSION = YES;
				CLANG_WARN_OBJC_ROOT_CLASS = YES_ERROR;
				CLANG_WARN_QUOTED_INCLUDE_IN_FRAMEWORK_HEADER = YES;
				CLANG_WARN_RANGE_LOOP_ANALYSIS = YES;
				CLANG_WARN_STRICT_PROTOTYPES = YES;
				CLANG_WARN_SUSPICIOUS_MOVE = YES;
				CLANG_WARN_UNGUARDED_AVAILABILITY = YES_AGGRESSIVE;
				CLANG_WARN_UNREACHABLE_CODE = YES;
				CLANG_WARN__DUPLICATE_METHOD_MATCH = YES;
				COPY_PHASE_STRIP = NO;
				DEBUG_INFORMATION_FORMAT = dwarf;
				ENABLE_STRICT_OBJC_MSGSEND = YES;
				ENABLE_TESTABILITY = YES;
				GCC_C_LANGUAGE_STANDARD = gnu11;
				GCC_DYNAMIC_NO_PIC = NO;
				GCC_NO_COMMON_BLOCKS = YES;
				GCC_OPTIMIZATION_LEVEL = 0;
				GCC_PREPROCESSOR_DEFINITIONS = (
					"DEBUG=1",
					"$(inherited)",
				);
				GCC_WARN_64_TO_32_BIT_CONVERSION = YES;
				GCC_WARN_ABOUT_RETURN_TYPE = YES_ERROR;
				GCC_WARN_UNDECLARED_SELECTOR = YES;
				GCC_WARN_UNINITIALIZED_AUTOS = YES_AGGRESSIVE;
				GCC_WARN_UNUSED_FUNCTION = YES;
				GCC_WARN_UNUSED_VARIABLE = YES;
				IPHONEOS_DEPLOYMENT_TARGET = 15.5;
				MTL_ENABLE_DEBUG_INFO = INCLUDE_SOURCE;
				MTL_FAST_MATH = YES;
				ONLY_ACTIVE_ARCH = YES;
				SDKROOT = iphoneos;
				SWIFT_ACTIVE_COMPILATION_CONDITIONS = DEBUG;
				SWIFT_OPTIMIZATION_LEVEL = "-Onone";
			};
			name = Debug;
		};
		4AA1983128F3B560008EB83D /* Release */ = {
			isa = XCBuildConfiguration;
			buildSettings = {
				ALWAYS_SEARCH_USER_PATHS = NO;
				CLANG_ANALYZER_NONNULL = YES;
				CLANG_ANALYZER_NUMBER_OBJECT_CONVERSION = YES_AGGRESSIVE;
				CLANG_CXX_LANGUAGE_STANDARD = "gnu++17";
				CLANG_ENABLE_MODULES = YES;
				CLANG_ENABLE_OBJC_ARC = YES;
				CLANG_ENABLE_OBJC_WEAK = YES;
				CLANG_WARN_BLOCK_CAPTURE_AUTORELEASING = YES;
				CLANG_WARN_BOOL_CONVERSION = YES;
				CLANG_WARN_COMMA = YES;
				CLANG_WARN_CONSTANT_CONVERSION = YES;
				CLANG_WARN_DEPRECATED_OBJC_IMPLEMENTATIONS = YES;
				CLANG_WARN_DIRECT_OBJC_ISA_USAGE = YES_ERROR;
				CLANG_WARN_DOCUMENTATION_COMMENTS = YES;
				CLANG_WARN_EMPTY_BODY = YES;
				CLANG_WARN_ENUM_CONVERSION = YES;
				CLANG_WARN_INFINITE_RECURSION = YES;
				CLANG_WARN_INT_CONVERSION = YES;
				CLANG_WARN_NON_LITERAL_NULL_CONVERSION = YES;
				CLANG_WARN_OBJC_IMPLICIT_RETAIN_SELF = YES;
				CLANG_WARN_OBJC_LITERAL_CONVERSION = YES;
				CLANG_WARN_OBJC_ROOT_CLASS = YES_ERROR;
				CLANG_WARN_QUOTED_INCLUDE_IN_FRAMEWORK_HEADER = YES;
				CLANG_WARN_RANGE_LOOP_ANALYSIS = YES;
				CLANG_WARN_STRICT_PROTOTYPES = YES;
				CLANG_WARN_SUSPICIOUS_MOVE = YES;
				CLANG_WARN_UNGUARDED_AVAILABILITY = YES_AGGRESSIVE;
				CLANG_WARN_UNREACHABLE_CODE = YES;
				CLANG_WARN__DUPLICATE_METHOD_MATCH = YES;
				COPY_PHASE_STRIP = NO;
				DEBUG_INFORMATION_FORMAT = "dwarf-with-dsym";
				ENABLE_NS_ASSERTIONS = NO;
				ENABLE_STRICT_OBJC_MSGSEND = YES;
				GCC_C_LANGUAGE_STANDARD = gnu11;
				GCC_NO_COMMON_BLOCKS = YES;
				GCC_WARN_64_TO_32_BIT_CONVERSION = YES;
				GCC_WARN_ABOUT_RETURN_TYPE = YES_ERROR;
				GCC_WARN_UNDECLARED_SELECTOR = YES;
				GCC_WARN_UNINITIALIZED_AUTOS = YES_AGGRESSIVE;
				GCC_WARN_UNUSED_FUNCTION = YES;
				GCC_WARN_UNUSED_VARIABLE = YES;
				IPHONEOS_DEPLOYMENT_TARGET = 15.5;
				MTL_ENABLE_DEBUG_INFO = NO;
				MTL_FAST_MATH = YES;
				SDKROOT = iphoneos;
				SWIFT_COMPILATION_MODE = wholemodule;
				SWIFT_OPTIMIZATION_LEVEL = "-O";
				VALIDATE_PRODUCT = YES;
			};
			name = Release;
		};
		4AA1983328F3B560008EB83D /* Debug */ = {
			isa = XCBuildConfiguration;
			buildSettings = {
				ASSETCATALOG_COMPILER_APPICON_NAME = AppIcon;
				ASSETCATALOG_COMPILER_GLOBAL_ACCENT_COLOR_NAME = AccentColor;
				CODE_SIGN_STYLE = Automatic;
				CURRENT_PROJECT_VERSION = 1;
				DEVELOPMENT_TEAM = G937682Z6T;
				GENERATE_INFOPLIST_FILE = YES;
				INFOPLIST_FILE = BurgerAppRozumny/Info.plist;
				INFOPLIST_KEY_UIApplicationSupportsIndirectInputEvents = YES;
				INFOPLIST_KEY_UILaunchStoryboardName = LaunchScreen;
				INFOPLIST_KEY_UIMainStoryboardFile = Main;
				INFOPLIST_KEY_UISupportedInterfaceOrientations_iPad = "UIInterfaceOrientationPortrait UIInterfaceOrientationPortraitUpsideDown UIInterfaceOrientationLandscapeLeft UIInterfaceOrientationLandscapeRight";
				INFOPLIST_KEY_UISupportedInterfaceOrientations_iPhone = "UIInterfaceOrientationPortrait UIInterfaceOrientationLandscapeLeft UIInterfaceOrientationLandscapeRight";
				LD_RUNPATH_SEARCH_PATHS = (
					"$(inherited)",
					"@executable_path/Frameworks",
				);
				MARKETING_VERSION = 1.0;
				PRODUCT_BUNDLE_IDENTIFIER = clc.BurgerAppRozumny;
				PRODUCT_NAME = "$(TARGET_NAME)";
				SWIFT_EMIT_LOC_STRINGS = YES;
				SWIFT_VERSION = 5.0;
				TARGETED_DEVICE_FAMILY = "1,2";
			};
			name = Debug;
		};
		4AA1983428F3B560008EB83D /* Release */ = {
			isa = XCBuildConfiguration;
			buildSettings = {
				ASSETCATALOG_COMPILER_APPICON_NAME = AppIcon;
				ASSETCATALOG_COMPILER_GLOBAL_ACCENT_COLOR_NAME = AccentColor;
				CODE_SIGN_STYLE = Automatic;
				CURRENT_PROJECT_VERSION = 1;
				DEVELOPMENT_TEAM = G937682Z6T;
				GENERATE_INFOPLIST_FILE = YES;
				INFOPLIST_FILE = BurgerAppRozumny/Info.plist;
				INFOPLIST_KEY_UIApplicationSupportsIndirectInputEvents = YES;
				INFOPLIST_KEY_UILaunchStoryboardName = LaunchScreen;
				INFOPLIST_KEY_UIMainStoryboardFile = Main;
				INFOPLIST_KEY_UISupportedInterfaceOrientations_iPad = "UIInterfaceOrientationPortrait UIInterfaceOrientationPortraitUpsideDown UIInterfaceOrientationLandscapeLeft UIInterfaceOrientationLandscapeRight";
				INFOPLIST_KEY_UISupportedInterfaceOrientations_iPhone = "UIInterfaceOrientationPortrait UIInterfaceOrientationLandscapeLeft UIInterfaceOrientationLandscapeRight";
				LD_RUNPATH_SEARCH_PATHS = (
					"$(inherited)",
					"@executable_path/Frameworks",
				);
				MARKETING_VERSION = 1.0;
				PRODUCT_BUNDLE_IDENTIFIER = clc.BurgerAppRozumny;
				PRODUCT_NAME = "$(TARGET_NAME)";
				SWIFT_EMIT_LOC_STRINGS = YES;
				SWIFT_VERSION = 5.0;
				TARGETED_DEVICE_FAMILY = "1,2";
			};
			name = Release;
		};
		4AA1983628F3B560008EB83D /* Debug */ = {
			isa = XCBuildConfiguration;
			buildSettings = {
				ALWAYS_EMBED_SWIFT_STANDARD_LIBRARIES = YES;
				BUNDLE_LOADER = "$(TEST_HOST)";
				CODE_SIGN_STYLE = Automatic;
				CURRENT_PROJECT_VERSION = 1;
				DEVELOPMENT_TEAM = G937682Z6T;
				GENERATE_INFOPLIST_FILE = YES;
				IPHONEOS_DEPLOYMENT_TARGET = 15.5;
				MARKETING_VERSION = 1.0;
				PRODUCT_BUNDLE_IDENTIFIER = clc.BurgerAppRozumnyTests;
				PRODUCT_NAME = "$(TARGET_NAME)";
				SWIFT_EMIT_LOC_STRINGS = NO;
				SWIFT_VERSION = 5.0;
				TARGETED_DEVICE_FAMILY = "1,2";
				TEST_HOST = "$(BUILT_PRODUCTS_DIR)/BurgerAppRozumny.app/BurgerAppRozumny";
			};
			name = Debug;
		};
		4AA1983728F3B560008EB83D /* Release */ = {
			isa = XCBuildConfiguration;
			buildSettings = {
				ALWAYS_EMBED_SWIFT_STANDARD_LIBRARIES = YES;
				BUNDLE_LOADER = "$(TEST_HOST)";
				CODE_SIGN_STYLE = Automatic;
				CURRENT_PROJECT_VERSION = 1;
				DEVELOPMENT_TEAM = G937682Z6T;
				GENERATE_INFOPLIST_FILE = YES;
				IPHONEOS_DEPLOYMENT_TARGET = 15.5;
				MARKETING_VERSION = 1.0;
				PRODUCT_BUNDLE_IDENTIFIER = clc.BurgerAppRozumnyTests;
				PRODUCT_NAME = "$(TARGET_NAME)";
				SWIFT_EMIT_LOC_STRINGS = NO;
				SWIFT_VERSION = 5.0;
				TARGETED_DEVICE_FAMILY = "1,2";
				TEST_HOST = "$(BUILT_PRODUCTS_DIR)/BurgerAppRozumny.app/BurgerAppRozumny";
			};
			name = Release;
		};
		4AA1983928F3B560008EB83D /* Debug */ = {
			isa = XCBuildConfiguration;
			buildSettings = {
				ALWAYS_EMBED_SWIFT_STANDARD_LIBRARIES = YES;
				CODE_SIGN_STYLE = Automatic;
				CURRENT_PROJECT_VERSION = 1;
				DEVELOPMENT_TEAM = G937682Z6T;
				GENERATE_INFOPLIST_FILE = YES;
				MARKETING_VERSION = 1.0;
				PRODUCT_BUNDLE_IDENTIFIER = clc.BurgerAppRozumnyUITests;
				PRODUCT_NAME = "$(TARGET_NAME)";
				SWIFT_EMIT_LOC_STRINGS = NO;
				SWIFT_VERSION = 5.0;
				TARGETED_DEVICE_FAMILY = "1,2";
				TEST_TARGET_NAME = BurgerAppRozumny;
			};
			name = Debug;
		};
		4AA1983A28F3B560008EB83D /* Release */ = {
			isa = XCBuildConfiguration;
			buildSettings = {
				ALWAYS_EMBED_SWIFT_STANDARD_LIBRARIES = YES;
				CODE_SIGN_STYLE = Automatic;
				CURRENT_PROJECT_VERSION = 1;
				DEVELOPMENT_TEAM = G937682Z6T;
				GENERATE_INFOPLIST_FILE = YES;
				MARKETING_VERSION = 1.0;
				PRODUCT_BUNDLE_IDENTIFIER = clc.BurgerAppRozumnyUITests;
				PRODUCT_NAME = "$(TARGET_NAME)";
				SWIFT_EMIT_LOC_STRINGS = NO;
				SWIFT_VERSION = 5.0;
				TARGETED_DEVICE_FAMILY = "1,2";
				TEST_TARGET_NAME = BurgerAppRozumny;
			};
			name = Release;
		};
/* End XCBuildConfiguration section */

/* Begin XCConfigurationList section */
		4AA1980328F3B55E008EB83D /* Build configuration list for PBXProject "BurgerAppRozumny" */ = {
			isa = XCConfigurationList;
			buildConfigurations = (
				4AA1983028F3B560008EB83D /* Debug */,
				4AA1983128F3B560008EB83D /* Release */,
			);
			defaultConfigurationIsVisible = 0;
			defaultConfigurationName = Release;
		};
		4AA1983228F3B560008EB83D /* Build configuration list for PBXNativeTarget "BurgerAppRozumny" */ = {
			isa = XCConfigurationList;
			buildConfigurations = (
				4AA1983328F3B560008EB83D /* Debug */,
				4AA1983428F3B560008EB83D /* Release */,
			);
			defaultConfigurationIsVisible = 0;
			defaultConfigurationName = Release;
		};
		4AA1983528F3B560008EB83D /* Build configuration list for PBXNativeTarget "BurgerAppRozumnyTests" */ = {
			isa = XCConfigurationList;
			buildConfigurations = (
				4AA1983628F3B560008EB83D /* Debug */,
				4AA1983728F3B560008EB83D /* Release */,
			);
			defaultConfigurationIsVisible = 0;
			defaultConfigurationName = Release;
		};
		4AA1983828F3B560008EB83D /* Build configuration list for PBXNativeTarget "BurgerAppRozumnyUITests" */ = {
			isa = XCConfigurationList;
			buildConfigurations = (
				4AA1983928F3B560008EB83D /* Debug */,
				4AA1983A28F3B560008EB83D /* Release */,
			);
			defaultConfigurationIsVisible = 0;
			defaultConfigurationName = Release;
		};
/* End XCConfigurationList section */
	};
	rootObject = 4AA1980028F3B55E008EB83D /* Project object */;
}
